// !$*UTF8*$!
{
	archiveVersion = 1;
	classes = {
	};
	objectVersion = 46;
	objects = {

/* Begin PBXBuildFile section */
		687508E61A4E61ED00E8CF09 /* AppDelegate.swift in Sources */ = {isa = PBXBuildFile; fileRef = 687508E51A4E61ED00E8CF09 /* AppDelegate.swift */; };
		687508E81A4E61ED00E8CF09 /* KSTableViewController.swift in Sources */ = {isa = PBXBuildFile; fileRef = 687508E71A4E61ED00E8CF09 /* KSTableViewController.swift */; };
		687508EB1A4E61ED00E8CF09 /* Main.storyboard in Resources */ = {isa = PBXBuildFile; fileRef = 687508E91A4E61ED00E8CF09 /* Main.storyboard */; };
		687508ED1A4E61ED00E8CF09 /* Images.xcassets in Resources */ = {isa = PBXBuildFile; fileRef = 687508EC1A4E61ED00E8CF09 /* Images.xcassets */; };
		687508F01A4E61ED00E8CF09 /* LaunchScreen.xib in Resources */ = {isa = PBXBuildFile; fileRef = 687508EE1A4E61ED00E8CF09 /* LaunchScreen.xib */; };
		687508FC1A4E61ED00E8CF09 /* SwiftTableView_1Tests.swift in Sources */ = {isa = PBXBuildFile; fileRef = 687508FB1A4E61ED00E8CF09 /* SwiftTableView_1Tests.swift */; };
/* End PBXBuildFile section */

/* Begin PBXContainerItemProxy section */
		687508F61A4E61ED00E8CF09 /* PBXContainerItemProxy */ = {
			isa = PBXContainerItemProxy;
			containerPortal = 687508D81A4E61ED00E8CF09 /* Project object */;
			proxyType = 1;
			remoteGlobalIDString = 687508DF1A4E61ED00E8CF09;
			remoteInfo = SwiftTableView_1;
		};
/* End PBXContainerItemProxy section */

/* Begin PBXFileReference section */
		687508E01A4E61ED00E8CF09 /* SwiftTableView_1.app */ = {isa = PBXFileReference; explicitFileType = wrapper.application; includeInIndex = 0; path = SwiftTableView_1.app; sourceTree = BUILT_PRODUCTS_DIR; };
		687508E41A4E61ED00E8CF09 /* Info.plist */ = {isa = PBXFileReference; lastKnownFileType = text.plist.xml; path = Info.plist; sourceTree = "<group>"; };
		687508E51A4E61ED00E8CF09 /* AppDelegate.swift */ = {isa = PBXFileReference; lastKnownFileType = sourcecode.swift; path = AppDelegate.swift; sourceTree = "<group>"; };
		687508E71A4E61ED00E8CF09 /* KSTableViewController.swift */ = {isa = PBXFileReference; lastKnownFileType = sourcecode.swift; path = KSTableViewController.swift; sourceTree = "<group>"; };
		687508EA1A4E61ED00E8CF09 /* Base */ = {isa = PBXFileReference; lastKnownFileType = file.storyboard; name = Base; path = Base.lproj/Main.storyboard; sourceTree = "<group>"; };
		687508EC1A4E61ED00E8CF09 /* Images.xcassets */ = {isa = PBXFileReference; lastKnownFileType = folder.assetcatalog; path = Images.xcassets; sourceTree = "<group>"; };
		687508EF1A4E61ED00E8CF09 /* Base */ = {isa = PBXFileReference; lastKnownFileType = file.xib; name = Base; path = Base.lproj/LaunchScreen.xib; sourceTree = "<group>"; };
		687508F51A4E61ED00E8CF09 /* SwiftTableView_1Tests.xctest */ = {isa = PBXFileReference; explicitFileType = wrapper.cfbundle; includeInIndex = 0; path = SwiftTableView_1Tests.xctest; sourceTree = BUILT_PRODUCTS_DIR; };
		687508FA1A4E61ED00E8CF09 /* Info.plist */ = {isa = PBXFileReference; lastKnownFileType = text.plist.xml; path = Info.plist; sourceTree = "<group>"; };
		687508FB1A4E61ED00E8CF09 /* SwiftTableView_1Tests.swift */ = {isa = PBXFileReference; lastKnownFileType = sourcecode.swift; path = SwiftTableView_1Tests.swift; sourceTree = "<group>"; };
/* End PBXFileReference section */

/* Begin PBXFrameworksBuildPhase section */
		687508DD1A4E61ED00E8CF09 /* Frameworks */ = {
			isa = PBXFrameworksBuildPhase;
			buildActionMask = 2147483647;
			files = (
			);
			runOnlyForDeploymentPostprocessing = 0;
		};
		687508F21A4E61ED00E8CF09 /* Frameworks */ = {
			isa = PBXFrameworksBuildPhase;
			buildActionMask = 2147483647;
			files = (
			);
			runOnlyForDeploymentPostprocessing = 0;
		};
/* End PBXFrameworksBuildPhase section */

/* Begin PBXGroup section */
		687508D71A4E61ED00E8CF09 = {
			isa = PBXGroup;
			children = (
				687508E21A4E61ED00E8CF09 /* SwiftTableView_1 */,
				687508F81A4E61ED00E8CF09 /* SwiftTableView_1Tests */,
				687508E11A4E61ED00E8CF09 /* Products */,
			);
			sourceTree = "<group>";
		};
		687508E11A4E61ED00E8CF09 /* Products */ = {
			isa = PBXGroup;
			children = (
				687508E01A4E61ED00E8CF09 /* SwiftTableView_1.app */,
				687508F51A4E61ED00E8CF09 /* SwiftTableView_1Tests.xctest */,
			);
			name = Products;
			sourceTree = "<group>";
		};
		687508E21A4E61ED00E8CF09 /* SwiftTableView_1 */ = {
			isa = PBXGroup;
			children = (
				687508E51A4E61ED00E8CF09 /* AppDelegate.swift */,
				687508E71A4E61ED00E8CF09 /* KSTableViewController.swift */,
				687508E91A4E61ED00E8CF09 /* Main.storyboard */,
				687508EC1A4E61ED00E8CF09 /* Images.xcassets */,
				687508EE1A4E61ED00E8CF09 /* LaunchScreen.xib */,
				687508E31A4E61ED00E8CF09 /* Supporting Files */,
			);
			path = SwiftTableView_1;
			sourceTree = "<group>";
		};
		687508E31A4E61ED00E8CF09 /* Supporting Files */ = {
			isa = PBXGroup;
			children = (
				687508E41A4E61ED00E8CF09 /* Info.plist */,
			);
			name = "Supporting Files";
			sourceTree = "<group>";
		};
		687508F81A4E61ED00E8CF09 /* SwiftTableView_1Tests */ = {
			isa = PBXGroup;
			children = (
				687508FB1A4E61ED00E8CF09 /* SwiftTableView_1Tests.swift */,
				687508F91A4E61ED00E8CF09 /* Supporting Files */,
			);
			path = SwiftTableView_1Tests;
			sourceTree = "<group>";
		};
		687508F91A4E61ED00E8CF09 /* Supporting Files */ = {
			isa = PBXGroup;
			children = (
				687508FA1A4E61ED00E8CF09 /* Info.plist */,
			);
			name = "Supporting Files";
			sourceTree = "<group>";
		};
/* End PBXGroup section */

/* Begin PBXNativeTarget section */
		687508DF1A4E61ED00E8CF09 /* SwiftTableView_1 */ = {
			isa = PBXNativeTarget;
			buildConfigurationList = 687508FF1A4E61ED00E8CF09 /* Build configuration list for PBXNativeTarget "SwiftTableView_1" */;
			buildPhases = (
				687508DC1A4E61ED00E8CF09 /* Sources */,
				687508DD1A4E61ED00E8CF09 /* Frameworks */,
				687508DE1A4E61ED00E8CF09 /* Resources */,
			);
			buildRules = (
			);
			dependencies = (
			);
			name = SwiftTableView_1;
			productName = SwiftTableView_1;
			productReference = 687508E01A4E61ED00E8CF09 /* SwiftTableView_1.app */;
			productType = "com.apple.product-type.application";
		};
		687508F41A4E61ED00E8CF09 /* SwiftTableView_1Tests */ = {
			isa = PBXNativeTarget;
			buildConfigurationList = 687509021A4E61ED00E8CF09 /* Build configuration list for PBXNativeTarget "SwiftTableView_1Tests" */;
			buildPhases = (
				687508F11A4E61ED00E8CF09 /* Sources */,
				687508F21A4E61ED00E8CF09 /* Frameworks */,
				687508F31A4E61ED00E8CF09 /* Resources */,
			);
			buildRules = (
			);
			dependencies = (
				687508F71A4E61ED00E8CF09 /* PBXTargetDependency */,
			);
			name = SwiftTableView_1Tests;
			productName = SwiftTableView_1Tests;
			productReference = 687508F51A4E61ED00E8CF09 /* SwiftTableView_1Tests.xctest */;
			productType = "com.apple.product-type.bundle.unit-test";
		};
/* End PBXNativeTarget section */

/* Begin PBXProject section */
		687508D81A4E61ED00E8CF09 /* Project object */ = {
			isa = PBXProject;
			attributes = {
				LastUpgradeCheck = 0610;
				ORGANIZATIONNAME = Knowstack;
				TargetAttributes = {
					687508DF1A4E61ED00E8CF09 = {
						CreatedOnToolsVersion = 6.1;
					};
					687508F41A4E61ED00E8CF09 = {
						CreatedOnToolsVersion = 6.1;
						TestTargetID = 687508DF1A4E61ED00E8CF09;
					};
				};
			};
			buildConfigurationList = 687508DB1A4E61ED00E8CF09 /* Build configuration list for PBXProject "SwiftTableView_1" */;
			compatibilityVersion = "Xcode 3.2";
			developmentRegion = English;
			hasScannedForEncodings = 0;
			knownRegions = (
				en,
				Base,
			);
			mainGroup = 687508D71A4E61ED00E8CF09;
			productRefGroup = 687508E11A4E61ED00E8CF09 /* Products */;
			projectDirPath = "";
			projectRoot = "";
			targets = (
				687508DF1A4E61ED00E8CF09 /* SwiftTableView_1 */,
				687508F41A4E61ED00E8CF09 /* SwiftTableView_1Tests */,
			);
		};
/* End PBXProject section */

/* Begin PBXResourcesBuildPhase section */
		687508DE1A4E61ED00E8CF09 /* Resources */ = {
			isa = PBXResourcesBuildPhase;
			buildActionMask = 2147483647;
			files = (
				687508EB1A4E61ED00E8CF09 /* Main.storyboard in Resources */,
				687508F01A4E61ED00E8CF09 /* LaunchScreen.xib in Resources */,
				687508ED1A4E61ED00E8CF09 /* Images.xcassets in Resources */,
			);
			runOnlyForDeploymentPostprocessing = 0;
		};
		687508F31A4E61ED00E8CF09 /* Resources */ = {
			isa = PBXResourcesBuildPhase;
			buildActionMask = 2147483647;
			files = (
			);
			runOnlyForDeploymentPostprocessing = 0;
		};
/* End PBXResourcesBuildPhase section */

/* Begin PBXSourcesBuildPhase section */
		687508DC1A4E61ED00E8CF09 /* Sources */ = {
			isa = PBXSourcesBuildPhase;
			buildActionMask = 2147483647;
			files = (
				687508E81A4E61ED00E8CF09 /* KSTableViewController.swift in Sources */,
				687508E61A4E61ED00E8CF09 /* AppDelegate.swift in Sources */,
			);
			runOnlyForDeploymentPostprocessing = 0;
		};
		687508F11A4E61ED00E8CF09 /* Sources */ = {
			isa = PBXSourcesBuildPhase;
			buildActionMask = 2147483647;
			files = (
				687508FC1A4E61ED00E8CF09 /* SwiftTableView_1Tests.swift in Sources */,
			);
			runOnlyForDeploymentPostprocessing = 0;
		};
/* End PBXSourcesBuildPhase section */

/* Begin PBXTargetDependency section */
		687508F71A4E61ED00E8CF09 /* PBXTargetDependency */ = {
			isa = PBXTargetDependency;
			target = 687508DF1A4E61ED00E8CF09 /* SwiftTableView_1 */;
			targetProxy = 687508F61A4E61ED00E8CF09 /* PBXContainerItemProxy */;
		};
/* End PBXTargetDependency section */

/* Begin PBXVariantGroup section */
		687508E91A4E61ED00E8CF09 /* Main.storyboard */ = {
			isa = PBXVariantGroup;
			children = (
				687508EA1A4E61ED00E8CF09 /* Base */,
			);
			name = Main.storyboard;
			sourceTree = "<group>";
		};
		687508EE1A4E61ED00E8CF09 /* LaunchScreen.xib */ = {
			isa = PBXVariantGroup;
			children = (
				687508EF1A4E61ED00E8CF09 /* Base */,
			);
			name = LaunchScreen.xib;
			sourceTree = "<group>";
		};
/* End PBXVariantGroup section */

/* Begin XCBuildConfiguration section */
		687508FD1A4E61ED00E8CF09 /* Debug */ = {
			isa = XCBuildConfiguration;
			buildSettings = {
				ALWAYS_SEARCH_USER_PATHS = NO;
				CLANG_CXX_LANGUAGE_STANDARD = "gnu++0x";
				CLANG_CXX_LIBRARY = "libc++";
				CLANG_ENABLE_MODULES = YES;
				CLANG_ENABLE_OBJC_ARC = YES;
				CLANG_WARN_BOOL_CONVERSION = YES;
				CLANG_WARN_CONSTANT_CONVERSION = YES;
				CLANG_WARN_DIRECT_OBJC_ISA_USAGE = YES_ERROR;
				CLANG_WARN_EMPTY_BODY = YES;
				CLANG_WARN_ENUM_CONVERSION = YES;
				CLANG_WARN_INT_CONVERSION = YES;
				CLANG_WARN_OBJC_ROOT_CLASS = YES_ERROR;
				CLANG_WARN_UNREACHABLE_CODE = YES;
				CLANG_WARN__DUPLICATE_METHOD_MATCH = YES;
				"CODE_SIGN_IDENTITY[sdk=iphoneos*]" = "iPhone Developer";
				COPY_PHASE_STRIP = NO;
				ENABLE_STRICT_OBJC_MSGSEND = YES;
				GCC_C_LANGUAGE_STANDARD = gnu99;
				GCC_DYNAMIC_NO_PIC = NO;
				GCC_OPTIMIZATION_LEVEL = 0;
				GCC_PREPROCESSOR_DEFINITIONS = (
					"DEBUG=1",
					"$(inherited)",
				);
				GCC_SYMBOLS_PRIVATE_EXTERN = NO;
				GCC_WARN_64_TO_32_BIT_CONVERSION = YES;
				GCC_WARN_ABOUT_RETURN_TYPE = YES_ERROR;
				GCC_WARN_UNDECLARED_SELECTOR = YES;
				GCC_WARN_UNINITIALIZED_AUTOS = YES_AGGRESSIVE;
				GCC_WARN_UNUSED_FUNCTION = YES;
				GCC_WARN_UNUSED_VARIABLE = YES;
				IPHONEOS_DEPLOYMENT_TARGET = 8.1;
				MTL_ENABLE_DEBUG_INFO = YES;
				ONLY_ACTIVE_ARCH = YES;
				SDKROOT = iphoneos;
				SWIFT_OPTIMIZATION_LEVEL = "-Onone";
			};
			name = Debug;
		};
		687508FE1A4E61ED00E8CF09 /* Release */ = {
			isa = XCBuildConfiguration;
			buildSettings = {
				ALWAYS_SEARCH_USER_PATHS = NO;
				CLANG_CXX_LANGUAGE_STANDARD = "gnu++0x";
				CLANG_CXX_LIBRARY = "libc++";
				CLANG_ENABLE_MODULES = YES;
				CLANG_ENABLE_OBJC_ARC = YES;
				CLANG_WARN_BOOL_CONVERSION = YES;
				CLANG_WARN_CONSTANT_CONVERSION = YES;
				CLANG_WARN_DIRECT_OBJC_ISA_USAGE = YES_ERROR;
				CLANG_WARN_EMPTY_BODY = YES;
				CLANG_WARN_ENUM_CONVERSION = YES;
				CLANG_WARN_INT_CONVERSION = YES;
				CLANG_WARN_OBJC_ROOT_CLASS = YES_ERROR;
				CLANG_WARN_UNREACHABLE_CODE = YES;
				CLANG_WARN__DUPLICATE_METHOD_MATCH = YES;
				"CODE_SIGN_IDENTITY[sdk=iphoneos*]" = "iPhone Developer";
				COPY_PHASE_STRIP = YES;
				ENABLE_NS_ASSERTIONS = NO;
				ENABLE_STRICT_OBJC_MSGSEND = YES;
				GCC_C_LANGUAGE_STANDARD = gnu99;
				GCC_WARN_64_TO_32_BIT_CONVERSION = YES;
				GCC_WARN_ABOUT_RETURN_TYPE = YES_ERROR;
				GCC_WARN_UNDECLARED_SELECTOR = YES;
				GCC_WARN_UNINITIALIZED_AUTOS = YES_AGGRESSIVE;
				GCC_WARN_UNUSED_FUNCTION = YES;
				GCC_WARN_UNUSED_VARIABLE = YES;
				IPHONEOS_DEPLOYMENT_TARGET = 8.1;
				MTL_ENABLE_DEBUG_INFO = NO;
				SDKROOT = iphoneos;
				VALIDATE_PRODUCT = YES;
			};
			name = Release;
		};
		687509001A4E61ED00E8CF09 /* Debug */ = {
			isa = XCBuildConfiguration;
			buildSettings = {
				ASSETCATALOG_COMPILER_APPICON_NAME = AppIcon;
				INFOPLIST_FILE = SwiftTableView_1/Info.plist;
				LD_RUNPATH_SEARCH_PATHS = "$(inherited) @executable_path/Frameworks";
				PRODUCT_NAME = "$(TARGET_NAME)";
			};
			name = Debug;
		};
		687509011A4E61ED00E8CF09 /* Release */ = {
			isa = XCBuildConfiguration;
			buildSettings = {
				ASSETCATALOG_COMPILER_APPICON_NAME = AppIcon;
				INFOPLIST_FILE = SwiftTableView_1/Info.plist;
				LD_RUNPATH_SEARCH_PATHS = "$(inherited) @executable_path/Frameworks";
				PRODUCT_NAME = "$(TARGET_NAME)";
			};
			name = Release;
		};
		687509031A4E61ED00E8CF09 /* Debug */ = {
			isa = XCBuildConfiguration;
			buildSettings = {
				BUNDLE_LOADER = "$(TEST_HOST)";
				FRAMEWORK_SEARCH_PATHS = (
					"$(SDKROOT)/Developer/Library/Frameworks",
					"$(inherited)",
				);
				GCC_PREPROCESSOR_DEFINITIONS = (
					"DEBUG=1",
					"$(inherited)",
				);
				INFOPLIST_FILE = SwiftTableView_1Tests/Info.plist;
				LD_RUNPATH_SEARCH_PATHS = "$(inherited) @executable_path/Frameworks @loader_path/Frameworks";
				PRODUCT_NAME = "$(TARGET_NAME)";
				TEST_HOST = "$(BUILT_PRODUCTS_DIR)/SwiftTableView_1.app/SwiftTableView_1";
			};
			name = Debug;
		};
		687509041A4E61ED00E8CF09 /* Release */ = {
			isa = XCBuildConfiguration;
			buildSettings = {
				BUNDLE_LOADER = "$(TEST_HOST)";
				FRAMEWORK_SEARCH_PATHS = (
					"$(SDKROOT)/Developer/Library/Frameworks",
					"$(inherited)",
				);
				INFOPLIST_FILE = SwiftTableView_1Tests/Info.plist;
				LD_RUNPATH_SEARCH_PATHS = "$(inherited) @executable_path/Frameworks @loader_path/Frameworks";
				PRODUCT_NAME = "$(TARGET_NAME)";
				TEST_HOST = "$(BUILT_PRODUCTS_DIR)/SwiftTableView_1.app/SwiftTableView_1";
			};
			name = Release;
		};
/* End XCBuildConfiguration section */

/* Begin XCConfigurationList section */
		687508DB1A4E61ED00E8CF09 /* Build configuration list for PBXProject "SwiftTableView_1" */ = {
			isa = XCConfigurationList;
			buildConfigurations = (
				687508FD1A4E61ED00E8CF09 /* Debug */,
				687508FE1A4E61ED00E8CF09 /* Release */,
			);
			defaultConfigurationIsVisible = 0;
			defaultConfigurationName = Release;
		};
		687508FF1A4E61ED00E8CF09 /* Build configuration list for PBXNativeTarget "SwiftTableView_1" */ = {
			isa = XCConfigurationList;
			buildConfigurations = (
				687509001A4E61ED00E8CF09 /* Debug */,
				687509011A4E61ED00E8CF09 /* Release */,
			);
			defaultConfigurationIsVisible = 0;
		};
		687509021A4E61ED00E8CF09 /* Build configuration list for PBXNativeTarget "SwiftTableView_1Tests" */ = {
			isa = XCConfigurationList;
			buildConfigurations = (
				687509031A4E61ED00E8CF09 /* Debug */,
				687509041A4E61ED00E8CF09 /* Release */,
			);
			defaultConfigurationIsVisible = 0;
		};
/* End XCConfigurationList section */
	};
	rootObject = 687508D81A4E61ED00E8CF09 /* Project object */;
}
